// !$*UTF8*$!
{
	archiveVersion = 1;
	classes = {
	};
	objectVersion = 46;
	objects = {

/* Begin PBXBuildFile section */
		29A54AC11DA4E138007BAE8B /* libMx.a in Frameworks */ = {isa = PBXBuildFile; fileRef = 29A54AC01DA4E138007BAE8B /* libMx.a */; };
		29A54AC91DA4E305007BAE8B /* main.cpp in Sources */ = {isa = PBXBuildFile; fileRef = 29A54AC81DA4E305007BAE8B /* main.cpp */; };
		29A54C901DA4E576007BAE8B /* Resources in CopyFiles */ = {isa = PBXBuildFile; fileRef = 29A54C8C1DA4E4BE007BAE8B /* Resources */; };
/* End PBXBuildFile section */

/* Begin PBXCopyFilesBuildPhase section */
		29A54AB11DA4E06B007BAE8B /* CopyFiles */ = {
			isa = PBXCopyFilesBuildPhase;
			buildActionMask = 12;
			dstPath = "";
			dstSubfolderSpec = 16;
			files = (
				29A54C901DA4E576007BAE8B /* Resources in CopyFiles */,
			);
			runOnlyForDeploymentPostprocessing = 0;
		};
/* End PBXCopyFilesBuildPhase section */

/* Begin PBXFileReference section */
		29A54AB31DA4E06B007BAE8B /* mxload */ = {isa = PBXFileReference; explicitFileType = "compiled.mach-o.executable"; includeInIndex = 0; path = mxload; sourceTree = BUILT_PRODUCTS_DIR; };
		29A54AC01DA4E138007BAE8B /* libMx.a */ = {isa = PBXFileReference; lastKnownFileType = archive.ar; name = libMx.a; path = "../../../../Library/Developer/Xcode/DerivedData/mx-dvgrqzpslxyzihcutbgsgbklyvbg/Build/Products/Debug/libMx.a"; sourceTree = "<group>"; };
		29A54AC81DA4E305007BAE8B /* main.cpp */ = {isa = PBXFileReference; fileEncoding = 4; lastKnownFileType = sourcecode.cpp.cpp; name = main.cpp; path = ../Sourcecode/mxload/main.cpp; sourceTree = SOURCE_ROOT; };
		29A54C8C1DA4E4BE007BAE8B /* Resources */ = {isa = PBXFileReference; lastKnownFileType = folder; name = Resources; path = ../Resources; sourceTree = "<group>"; };
/* End PBXFileReference section */

/* Begin PBXFrameworksBuildPhase section */
		29A54AB01DA4E06B007BAE8B /* Frameworks */ = {
			isa = PBXFrameworksBuildPhase;
			buildActionMask = 2147483647;
			files = (
				29A54AC11DA4E138007BAE8B /* libMx.a in Frameworks */,
			);
			runOnlyForDeploymentPostprocessing = 0;
		};
/* End PBXFrameworksBuildPhase section */

/* Begin PBXGroup section */
		29A54AAA1DA4E06B007BAE8B = {
			isa = PBXGroup;
			children = (
				29A54C8C1DA4E4BE007BAE8B /* Resources */,
				29A54AB51DA4E06B007BAE8B /* mxload */,
				29A54AB41DA4E06B007BAE8B /* Products */,
				29A54ABF1DA4E138007BAE8B /* Frameworks */,
			);
			sourceTree = "<group>";
		};
		29A54AB41DA4E06B007BAE8B /* Products */ = {
			isa = PBXGroup;
			children = (
				29A54AB31DA4E06B007BAE8B /* mxload */,
			);
			name = Products;
			sourceTree = "<group>";
		};
		29A54AB51DA4E06B007BAE8B /* mxload */ = {
			isa = PBXGroup;
			children = (
				29A54AC81DA4E305007BAE8B /* main.cpp */,
			);
			path = mxload;
			sourceTree = "<group>";
		};
		29A54ABF1DA4E138007BAE8B /* Frameworks */ = {
			isa = PBXGroup;
			children = (
				29A54AC01DA4E138007BAE8B /* libMx.a */,
			);
			name = Frameworks;
			sourceTree = "<group>";
		};
/* End PBXGroup section */

/* Begin PBXNativeTarget section */
		29A54AB21DA4E06B007BAE8B /* mxload */ = {
			isa = PBXNativeTarget;
			buildConfigurationList = 29A54ABA1DA4E06B007BAE8B /* Build configuration list for PBXNativeTarget "mxload" */;
			buildPhases = (
				29A54AAF1DA4E06B007BAE8B /* Sources */,
				29A54AB01DA4E06B007BAE8B /* Frameworks */,
				29A54AB11DA4E06B007BAE8B /* CopyFiles */,
				29A54C8E1DA4E54A007BAE8B /* Resources */,
			);
			buildRules = (
			);
			dependencies = (
			);
			name = mxload;
			productName = mxload;
			productReference = 29A54AB31DA4E06B007BAE8B /* mxload */;
			productType = "com.apple.product-type.tool";
		};
/* End PBXNativeTarget section */

/* Begin PBXProject section */
		29A54AAB1DA4E06B007BAE8B /* Project object */ = {
			isa = PBXProject;
			attributes = {
				LastUpgradeCheck = 0800;
				ORGANIZATIONNAME = mjb;
				TargetAttributes = {
					29A54AB21DA4E06B007BAE8B = {
						CreatedOnToolsVersion = 8.0;
						ProvisioningStyle = Automatic;
					};
				};
			};
			buildConfigurationList = 29A54AAE1DA4E06B007BAE8B /* Build configuration list for PBXProject "mxload" */;
			compatibilityVersion = "Xcode 3.2";
			developmentRegion = English;
			hasScannedForEncodings = 0;
			knownRegions = (
				en,
			);
			mainGroup = 29A54AAA1DA4E06B007BAE8B;
			productRefGroup = 29A54AB41DA4E06B007BAE8B /* Products */;
			projectDirPath = "";
			projectRoot = "";
			targets = (
				29A54AB21DA4E06B007BAE8B /* mxload */,
			);
		};
/* End PBXProject section */

/* Begin PBXResourcesBuildPhase section */
		29A54C8E1DA4E54A007BAE8B /* Resources */ = {
			isa = PBXResourcesBuildPhase;
			buildActionMask = 2147483647;
			files = (
			);
			runOnlyForDeploymentPostprocessing = 0;
		};
/* End PBXResourcesBuildPhase section */

/* Begin PBXSourcesBuildPhase section */
		29A54AAF1DA4E06B007BAE8B /* Sources */ = {
			isa = PBXSourcesBuildPhase;
			buildActionMask = 2147483647;
			files = (
				29A54AC91DA4E305007BAE8B /* main.cpp in Sources */,
			);
			runOnlyForDeploymentPostprocessing = 0;
		};
/* End PBXSourcesBuildPhase section */

/* Begin XCBuildConfiguration section */
		29A54AB81DA4E06B007BAE8B /* Debug */ = {
			isa = XCBuildConfiguration;
			buildSettings = {
				ALWAYS_SEARCH_USER_PATHS = NO;
				CLANG_ANALYZER_NONNULL = YES;
				CLANG_CXX_LANGUAGE_STANDARD = "gnu++0x";
				CLANG_CXX_LIBRARY = "libc++";
				CLANG_ENABLE_MODULES = YES;
				CLANG_ENABLE_OBJC_ARC = YES;
				CLANG_WARN_BOOL_CONVERSION = YES;
				CLANG_WARN_CONSTANT_CONVERSION = YES;
				CLANG_WARN_DIRECT_OBJC_ISA_USAGE = YES_ERROR;
				CLANG_WARN_DOCUMENTATION_COMMENTS = YES;
				CLANG_WARN_EMPTY_BODY = YES;
				CLANG_WARN_ENUM_CONVERSION = YES;
				CLANG_WARN_INFINITE_RECURSION = YES;
				CLANG_WARN_INT_CONVERSION = YES;
				CLANG_WARN_OBJC_ROOT_CLASS = YES_ERROR;
				CLANG_WARN_SUSPICIOUS_MOVES = YES;
				CLANG_WARN_UNREACHABLE_CODE = YES;
				CLANG_WARN__DUPLICATE_METHOD_MATCH = YES;
				CODE_SIGN_IDENTITY = "-";
				COPY_PHASE_STRIP = NO;
				DEBUG_INFORMATION_FORMAT = dwarf;
				ENABLE_STRICT_OBJC_MSGSEND = YES;
				ENABLE_TESTABILITY = YES;
				GCC_C_LANGUAGE_STANDARD = gnu99;
				GCC_DYNAMIC_NO_PIC = NO;
				GCC_NO_COMMON_BLOCKS = YES;
				GCC_OPTIMIZATION_LEVEL = 0;
				GCC_PREPROCESSOR_DEFINITIONS = (
					"DEBUG=1",
					"$(inherited)",
				);
				GCC_WARN_64_TO_32_BIT_CONVERSION = YES;
				GCC_WARN_ABOUT_RETURN_TYPE = YES_ERROR;
				GCC_WARN_UNDECLARED_SELECTOR = YES;
				GCC_WARN_UNINITIALIZED_AUTOS = YES_AGGRESSIVE;
				GCC_WARN_UNUSED_FUNCTION = YES;
				GCC_WARN_UNUSED_VARIABLE = YES;
				MACOSX_DEPLOYMENT_TARGET = 10.11;
				MTL_ENABLE_DEBUG_INFO = YES;
				ONLY_ACTIVE_ARCH = YES;
				SDKROOT = macosx;
				USER_HEADER_SEARCH_PATHS = ../Sourcecode/;
			};
			name = Debug;
		};
		29A54AB91DA4E06B007BAE8B /* Release */ = {
			isa = XCBuildConfiguration;
			buildSettings = {
				ALWAYS_SEARCH_USER_PATHS = NO;
				CLANG_ANALYZER_NONNULL = YES;
				CLANG_CXX_LANGUAGE_STANDARD = "gnu++0x";
				CLANG_CXX_LIBRARY = "libc++";
				CLANG_ENABLE_MODULES = YES;
				CLANG_ENABLE_OBJC_ARC = YES;
				CLANG_WARN_BOOL_CONVERSION = YES;
				CLANG_WARN_CONSTANT_CONVERSION = YES;
				CLANG_WARN_DIRECT_OBJC_ISA_USAGE = YES_ERROR;
				CLANG_WARN_DOCUMENTATION_COMMENTS = YES;
				CLANG_WARN_EMPTY_BODY = YES;
				CLANG_WARN_ENUM_CONVERSION = YES;
				CLANG_WARN_INFINITE_RECURSION = YES;
				CLANG_WARN_INT_CONVERSION = YES;
				CLANG_WARN_OBJC_ROOT_CLASS = YES_ERROR;
				CLANG_WARN_SUSPICIOUS_MOVES = YES;
				CLANG_WARN_UNREACHABLE_CODE = YES;
				CLANG_WARN__DUPLICATE_METHOD_MATCH = YES;
				CODE_SIGN_IDENTITY = "-";
				COPY_PHASE_STRIP = NO;
				DEBUG_INFORMATION_FORMAT = "dwarf-with-dsym";
				ENABLE_NS_ASSERTIONS = NO;
				ENABLE_STRICT_OBJC_MSGSEND = YES;
				GCC_C_LANGUAGE_STANDARD = gnu99;
				GCC_NO_COMMON_BLOCKS = YES;
				GCC_WARN_64_TO_32_BIT_CONVERSION = YES;
				GCC_WARN_ABOUT_RETURN_TYPE = YES_ERROR;
				GCC_WARN_UNDECLARED_SELECTOR = YES;
				GCC_WARN_UNINITIALIZED_AUTOS = YES_AGGRESSIVE;
				GCC_WARN_UNUSED_FUNCTION = YES;
				GCC_WARN_UNUSED_VARIABLE = YES;
				MACOSX_DEPLOYMENT_TARGET = 10.11;
				MTL_ENABLE_DEBUG_INFO = NO;
				SDKROOT = macosx;
				USER_HEADER_SEARCH_PATHS = ../Sourcecode/;
			};
			name = Release;
		};
		29A54ABB1DA4E06B007BAE8B /* Debug */ = {
			isa = XCBuildConfiguration;
			buildSettings = {
				PRODUCT_NAME = "$(TARGET_NAME)";
			};
			name = Debug;
		};
		29A54ABC1DA4E06B007BAE8B /* Release */ = {
			isa = XCBuildConfiguration;
			buildSettings = {
				PRODUCT_NAME = "$(TARGET_NAME)";
			};
			name = Release;
		};
/* End XCBuildConfiguration section */

/* Begin XCConfigurationList section */
		29A54AAE1DA4E06B007BAE8B /* Build configuration list for PBXProject "mxload" */ = {
			isa = XCConfigurationList;
			buildConfigurations = (
				29A54AB81DA4E06B007BAE8B /* Debug */,
				29A54AB91DA4E06B007BAE8B /* Release */,
			);
			defaultConfigurationIsVisible = 0;
			defaultConfigurationName = Release;
		};
		29A54ABA1DA4E06B007BAE8B /* Build configuration list for PBXNativeTarget "mxload" */ = {
			isa = XCConfigurationList;
			buildConfigurations = (
				29A54ABB1DA4E06B007BAE8B /* Debug */,
				29A54ABC1DA4E06B007BAE8B /* Release */,
			);
			defaultConfigurationIsVisible = 0;
			defaultConfigurationName = Release;
		};
/* End XCConfigurationList section */
	};
	rootObject = 29A54AAB1DA4E06B007BAE8B /* Project object */;
}
